
Microsoft Visual Studio Solution File, Format Version 12.00
# Visual Studio Version 17
VisualStudioVersion = 17.1.32228.430
MinimumVisualStudioVersion = 10.0.40219.1
Project("{FAE04EC0-301F-11D3-BF4B-00C04F79EFBC}") = "Webteste", "Webteste\Webteste.csproj", "{97365DD8-A174-4971-BBC8-6BECB3BC9E52}"
EndProject
Global
	GlobalSection(SolutionConfigurationPlatforms) = preSolution
		Debug|Any CPU = Debug|Any CPU
		Release|Any CPU = Release|Any CPU
	EndGlobalSection
	GlobalSection(ProjectConfigurationPlatforms) = postSolution
		{97365DD8-A174-4971-BBC8-6BECB3BC9E52}.Debug|Any CPU.ActiveCfg = Debug|Any CPU
		{97365DD8-A174-4971-BBC8-6BECB3BC9E52}.Debug|Any CPU.Build.0 = Debug|Any CPU
		{97365DD8-A174-4971-BBC8-6BECB3BC9E52}.Release|Any CPU.ActiveCfg = Release|Any CPU
		{97365DD8-A174-4971-BBC8-6BECB3BC9E52}.Release|Any CPU.Build.0 = Release|Any CPU
	EndGlobalSection
	GlobalSection(SolutionProperties) = preSolution
		HideSolutionNode = FALSE
	EndGlobalSection
	GlobalSection(ExtensibilityGlobals) = postSolution
		SolutionGuid = {00C37030-544D-4A90-BDE1-74FCF6E89F77}
	EndGlobalSection
EndGlobal
